{
  "name": "ajs-check",
  "version": "1.0.0",
  "lockfileVersion": 3,
  "requires": true,
  "packages": {
    "": {
      "name": "ajs-check",
      "version": "1.0.0",
      "license": "ISC",
      "dependencies": {
        "@mikhailbrann/ajs": "^1.0.0"
      }
    },
    "node_modules/@mikhailbrann/ajs": {
      "version": "1.0.0",
      "resolved": "https://npm.pkg.github.com/download/@mikhailbrann/ajs/1.0.0/dec82b0804a3b072dc7fad9bb99d703af8911bf9",
      "integrity": "sha512-9Y50EgOWBaSi6UsaKFIHnIwaqkUI+BuBkVI4ArBV2MKPp+p6jA3HP/mKj3v2P1Y721twKcTppsF2Zk5WHIJfBA=="
    }
  }
}
